
Microsoft Visual Studio Solution File, Format Version 12.00
# Visual Studio 15
VisualStudioVersion = 15.0.28307.271
MinimumVisualStudioVersion = 10.0.40219.1
Project("{9A19103F-16F7-4668-BE54-9A1E7A4F7556}") = "string0813", "string0813\string0813.csproj", "{CF6CD4C7-20DF-4EE2-9860-BC3E982A0D2D}"
EndProject
Project("{9A19103F-16F7-4668-BE54-9A1E7A4F7556}") = "stringTest", "stringTest\stringTest.csproj", "{C1837603-855D-45A8-9652-F1E7A32DB096}"
EndProject
Project("{2150E333-8FDC-42A3-9474-1A3956D46DE8}") = "Solution Items", "Solution Items", "{41EADFA9-2843-48A9-BE11-6DD9C43119F6}"
	ProjectSection(SolutionItems) = preProject
		README.md = README.md
	EndProjectSection
EndProject
Global
	GlobalSection(SolutionConfigurationPlatforms) = preSolution
		Debug|Any CPU = Debug|Any CPU
		Release|Any CPU = Release|Any CPU
	EndGlobalSection
	GlobalSection(ProjectConfigurationPlatforms) = postSolution
		{CF6CD4C7-20DF-4EE2-9860-BC3E982A0D2D}.Debug|Any CPU.ActiveCfg = Debug|Any CPU
		{CF6CD4C7-20DF-4EE2-9860-BC3E982A0D2D}.Debug|Any CPU.Build.0 = Debug|Any CPU
		{CF6CD4C7-20DF-4EE2-9860-BC3E982A0D2D}.Release|Any CPU.ActiveCfg = Release|Any CPU
		{CF6CD4C7-20DF-4EE2-9860-BC3E982A0D2D}.Release|Any CPU.Build.0 = Release|Any CPU
		{C1837603-855D-45A8-9652-F1E7A32DB096}.Debug|Any CPU.ActiveCfg = Debug|Any CPU
		{C1837603-855D-45A8-9652-F1E7A32DB096}.Debug|Any CPU.Build.0 = Debug|Any CPU
		{C1837603-855D-45A8-9652-F1E7A32DB096}.Release|Any CPU.ActiveCfg = Release|Any CPU
		{C1837603-855D-45A8-9652-F1E7A32DB096}.Release|Any CPU.Build.0 = Release|Any CPU
	EndGlobalSection
	GlobalSection(SolutionProperties) = preSolution
		HideSolutionNode = FALSE
	EndGlobalSection
	GlobalSection(ExtensibilityGlobals) = postSolution
		SolutionGuid = {332B2BE7-42A1-47B1-9D42-FBE9467E510C}
	EndGlobalSection
EndGlobal
